// !$*UTF8*$!
{
	archiveVersion = 1;
	classes = {
	};
	objectVersion = 46;
	objects = {

/* Begin PBXBuildFile section */
		2CBFD961A70C9B1577F0286B /* Pods_Demo.framework in Frameworks */ = {isa = PBXBuildFile; fileRef = E18E2637AAF070943DDCB0A9 /* Pods_Demo.framework */; };
		8C78531E50789A0105B4072D /* Pods_DemoTests.framework in Frameworks */ = {isa = PBXBuildFile; fileRef = AA9251D21C9D91E90A5327F2 /* Pods_DemoTests.framework */; };
		906D171C1CE4BF99001B30EF /* AppDelegate.swift in Sources */ = {isa = PBXBuildFile; fileRef = 906D171B1CE4BF99001B30EF /* AppDelegate.swift */; };
		906D171E1CE4BF99001B30EF /* ViewController.swift in Sources */ = {isa = PBXBuildFile; fileRef = 906D171D1CE4BF99001B30EF /* ViewController.swift */; };
		906D17211CE4BF99001B30EF /* Main.storyboard in Resources */ = {isa = PBXBuildFile; fileRef = 906D171F1CE4BF99001B30EF /* Main.storyboard */; };
		906D17231CE4BF99001B30EF /* Assets.xcassets in Resources */ = {isa = PBXBuildFile; fileRef = 906D17221CE4BF99001B30EF /* Assets.xcassets */; };
		906D17261CE4BF99001B30EF /* LaunchScreen.storyboard in Resources */ = {isa = PBXBuildFile; fileRef = 906D17241CE4BF99001B30EF /* LaunchScreen.storyboard */; };
		906D17311CE4BF99001B30EF /* DemoTests.swift in Sources */ = {isa = PBXBuildFile; fileRef = 906D17301CE4BF99001B30EF /* DemoTests.swift */; };
		906D173C1CE4BF99001B30EF /* DemoUITests.swift in Sources */ = {isa = PBXBuildFile; fileRef = 906D173B1CE4BF99001B30EF /* DemoUITests.swift */; };
		D884A08032E51E35936B1A02 /* Pods_DemoUITests.framework in Frameworks */ = {isa = PBXBuildFile; fileRef = 49C819E087348795B5CBB37E /* Pods_DemoUITests.framework */; };
/* End PBXBuildFile section */

/* Begin PBXContainerItemProxy section */
		906D172D1CE4BF99001B30EF /* PBXContainerItemProxy */ = {
			isa = PBXContainerItemProxy;
			containerPortal = 906D17101CE4BF99001B30EF /* Project object */;
			proxyType = 1;
			remoteGlobalIDString = 906D17171CE4BF99001B30EF;
			remoteInfo = Demo;
		};
		906D17381CE4BF99001B30EF /* PBXContainerItemProxy */ = {
			isa = PBXContainerItemProxy;
			containerPortal = 906D17101CE4BF99001B30EF /* Project object */;
			proxyType = 1;
			remoteGlobalIDString = 906D17171CE4BF99001B30EF;
			remoteInfo = Demo;
		};
/* End PBXContainerItemProxy section */

/* Begin PBXFileReference section */
		0A563EA3A78DC7437869051D /* Pods-DemoTests.debug.xcconfig */ = {isa = PBXFileReference; includeInIndex = 1; lastKnownFileType = text.xcconfig; name = "Pods-DemoTests.debug.xcconfig"; path = "Pods/Target Support Files/Pods-DemoTests/Pods-DemoTests.debug.xcconfig"; sourceTree = "<group>"; };
		1EAF6CDFC38F75E74127F13C /* Pods-Demo.debug.xcconfig */ = {isa = PBXFileReference; includeInIndex = 1; lastKnownFileType = text.xcconfig; name = "Pods-Demo.debug.xcconfig"; path = "Pods/Target Support Files/Pods-Demo/Pods-Demo.debug.xcconfig"; sourceTree = "<group>"; };
		210E8BF35549B671ABAA71B0 /* Pods-DemoTests.release.xcconfig */ = {isa = PBXFileReference; includeInIndex = 1; lastKnownFileType = text.xcconfig; name = "Pods-DemoTests.release.xcconfig"; path = "Pods/Target Support Files/Pods-DemoTests/Pods-DemoTests.release.xcconfig"; sourceTree = "<group>"; };
		49C819E087348795B5CBB37E /* Pods_DemoUITests.framework */ = {isa = PBXFileReference; explicitFileType = wrapper.framework; includeInIndex = 0; path = Pods_DemoUITests.framework; sourceTree = BUILT_PRODUCTS_DIR; };
		6CC9EC0297CBB38896C7B7E1 /* Pods-Demo.release.xcconfig */ = {isa = PBXFileReference; includeInIndex = 1; lastKnownFileType = text.xcconfig; name = "Pods-Demo.release.xcconfig"; path = "Pods/Target Support Files/Pods-Demo/Pods-Demo.release.xcconfig"; sourceTree = "<group>"; };
		906D17181CE4BF99001B30EF /* Demo.app */ = {isa = PBXFileReference; explicitFileType = wrapper.application; includeInIndex = 0; path = Demo.app; sourceTree = BUILT_PRODUCTS_DIR; };
		906D171B1CE4BF99001B30EF /* AppDelegate.swift */ = {isa = PBXFileReference; lastKnownFileType = sourcecode.swift; path = AppDelegate.swift; sourceTree = "<group>"; };
		906D171D1CE4BF99001B30EF /* ViewController.swift */ = {isa = PBXFileReference; lastKnownFileType = sourcecode.swift; path = ViewController.swift; sourceTree = "<group>"; };
		906D17201CE4BF99001B30EF /* Base */ = {isa = PBXFileReference; lastKnownFileType = file.storyboard; name = Base; path = Base.lproj/Main.storyboard; sourceTree = "<group>"; };
		906D17221CE4BF99001B30EF /* Assets.xcassets */ = {isa = PBXFileReference; lastKnownFileType = folder.assetcatalog; path = Assets.xcassets; sourceTree = "<group>"; };
		906D17251CE4BF99001B30EF /* Base */ = {isa = PBXFileReference; lastKnownFileType = file.storyboard; name = Base; path = Base.lproj/LaunchScreen.storyboard; sourceTree = "<group>"; };
		906D17271CE4BF99001B30EF /* Info.plist */ = {isa = PBXFileReference; lastKnownFileType = text.plist.xml; path = Info.plist; sourceTree = "<group>"; };
		906D172C1CE4BF99001B30EF /* DemoTests.xctest */ = {isa = PBXFileReference; explicitFileType = wrapper.cfbundle; includeInIndex = 0; path = DemoTests.xctest; sourceTree = BUILT_PRODUCTS_DIR; };
		906D17301CE4BF99001B30EF /* DemoTests.swift */ = {isa = PBXFileReference; lastKnownFileType = sourcecode.swift; path = DemoTests.swift; sourceTree = "<group>"; };
		906D17321CE4BF99001B30EF /* Info.plist */ = {isa = PBXFileReference; lastKnownFileType = text.plist.xml; path = Info.plist; sourceTree = "<group>"; };
		906D17371CE4BF99001B30EF /* DemoUITests.xctest */ = {isa = PBXFileReference; explicitFileType = wrapper.cfbundle; includeInIndex = 0; path = DemoUITests.xctest; sourceTree = BUILT_PRODUCTS_DIR; };
		906D173B1CE4BF99001B30EF /* DemoUITests.swift */ = {isa = PBXFileReference; lastKnownFileType = sourcecode.swift; path = DemoUITests.swift; sourceTree = "<group>"; };
		906D173D1CE4BF99001B30EF /* Info.plist */ = {isa = PBXFileReference; lastKnownFileType = text.plist.xml; path = Info.plist; sourceTree = "<group>"; };
		AA9251D21C9D91E90A5327F2 /* Pods_DemoTests.framework */ = {isa = PBXFileReference; explicitFileType = wrapper.framework; includeInIndex = 0; path = Pods_DemoTests.framework; sourceTree = BUILT_PRODUCTS_DIR; };
		CC164385BCFA6CC7DDC9D1F9 /* Pods-DemoUITests.debug.xcconfig */ = {isa = PBXFileReference; includeInIndex = 1; lastKnownFileType = text.xcconfig; name = "Pods-DemoUITests.debug.xcconfig"; path = "Pods/Target Support Files/Pods-DemoUITests/Pods-DemoUITests.debug.xcconfig"; sourceTree = "<group>"; };
		E179559F3B224B0B84374FAE /* Pods-DemoUITests.release.xcconfig */ = {isa = PBXFileReference; includeInIndex = 1; lastKnownFileType = text.xcconfig; name = "Pods-DemoUITests.release.xcconfig"; path = "Pods/Target Support Files/Pods-DemoUITests/Pods-DemoUITests.release.xcconfig"; sourceTree = "<group>"; };
		E18E2637AAF070943DDCB0A9 /* Pods_Demo.framework */ = {isa = PBXFileReference; explicitFileType = wrapper.framework; includeInIndex = 0; path = Pods_Demo.framework; sourceTree = BUILT_PRODUCTS_DIR; };
/* End PBXFileReference section */

/* Begin PBXFrameworksBuildPhase section */
		906D17151CE4BF99001B30EF /* Frameworks */ = {
			isa = PBXFrameworksBuildPhase;
			buildActionMask = 2147483647;
			files = (
				2CBFD961A70C9B1577F0286B /* Pods_Demo.framework in Frameworks */,
			);
			runOnlyForDeploymentPostprocessing = 0;
		};
		906D17291CE4BF99001B30EF /* Frameworks */ = {
			isa = PBXFrameworksBuildPhase;
			buildActionMask = 2147483647;
			files = (
				8C78531E50789A0105B4072D /* Pods_DemoTests.framework in Frameworks */,
			);
			runOnlyForDeploymentPostprocessing = 0;
		};
		906D17341CE4BF99001B30EF /* Frameworks */ = {
			isa = PBXFrameworksBuildPhase;
			buildActionMask = 2147483647;
			files = (
				D884A08032E51E35936B1A02 /* Pods_DemoUITests.framework in Frameworks */,
			);
			runOnlyForDeploymentPostprocessing = 0;
		};
/* End PBXFrameworksBuildPhase section */

/* Begin PBXGroup section */
		906D170F1CE4BF99001B30EF = {
			isa = PBXGroup;
			children = (
				906D171A1CE4BF99001B30EF /* Demo */,
				906D172F1CE4BF99001B30EF /* DemoTests */,
				906D173A1CE4BF99001B30EF /* DemoUITests */,
				906D17191CE4BF99001B30EF /* Products */,
				99D9B40D95A3F5108647351E /* Pods */,
				C545F881EFF8BB3EAD6954EA /* Frameworks */,
			);
			sourceTree = "<group>";
		};
		906D17191CE4BF99001B30EF /* Products */ = {
			isa = PBXGroup;
			children = (
				906D17181CE4BF99001B30EF /* Demo.app */,
				906D172C1CE4BF99001B30EF /* DemoTests.xctest */,
				906D17371CE4BF99001B30EF /* DemoUITests.xctest */,
			);
			name = Products;
			sourceTree = "<group>";
		};
		906D171A1CE4BF99001B30EF /* Demo */ = {
			isa = PBXGroup;
			children = (
				906D171B1CE4BF99001B30EF /* AppDelegate.swift */,
				906D171D1CE4BF99001B30EF /* ViewController.swift */,
				906D171F1CE4BF99001B30EF /* Main.storyboard */,
				906D17221CE4BF99001B30EF /* Assets.xcassets */,
				906D17241CE4BF99001B30EF /* LaunchScreen.storyboard */,
				906D17271CE4BF99001B30EF /* Info.plist */,
			);
			path = Demo;
			sourceTree = "<group>";
		};
		906D172F1CE4BF99001B30EF /* DemoTests */ = {
			isa = PBXGroup;
			children = (
				906D17301CE4BF99001B30EF /* DemoTests.swift */,
				906D17321CE4BF99001B30EF /* Info.plist */,
			);
			path = DemoTests;
			sourceTree = "<group>";
		};
		906D173A1CE4BF99001B30EF /* DemoUITests */ = {
			isa = PBXGroup;
			children = (
				906D173B1CE4BF99001B30EF /* DemoUITests.swift */,
				906D173D1CE4BF99001B30EF /* Info.plist */,
			);
			path = DemoUITests;
			sourceTree = "<group>";
		};
		99D9B40D95A3F5108647351E /* Pods */ = {
			isa = PBXGroup;
			children = (
				1EAF6CDFC38F75E74127F13C /* Pods-Demo.debug.xcconfig */,
				6CC9EC0297CBB38896C7B7E1 /* Pods-Demo.release.xcconfig */,
				0A563EA3A78DC7437869051D /* Pods-DemoTests.debug.xcconfig */,
				210E8BF35549B671ABAA71B0 /* Pods-DemoTests.release.xcconfig */,
				CC164385BCFA6CC7DDC9D1F9 /* Pods-DemoUITests.debug.xcconfig */,
				E179559F3B224B0B84374FAE /* Pods-DemoUITests.release.xcconfig */,
			);
			name = Pods;
			sourceTree = "<group>";
		};
		C545F881EFF8BB3EAD6954EA /* Frameworks */ = {
			isa = PBXGroup;
			children = (
				E18E2637AAF070943DDCB0A9 /* Pods_Demo.framework */,
				AA9251D21C9D91E90A5327F2 /* Pods_DemoTests.framework */,
				49C819E087348795B5CBB37E /* Pods_DemoUITests.framework */,
			);
			name = Frameworks;
			sourceTree = "<group>";
		};
/* End PBXGroup section */

/* Begin PBXNativeTarget section */
		906D17171CE4BF99001B30EF /* Demo */ = {
			isa = PBXNativeTarget;
			buildConfigurationList = 906D17401CE4BF99001B30EF /* Build configuration list for PBXNativeTarget "Demo" */;
			buildPhases = (
				FEB65081904F90F064C377A1 /* [CP] Check Pods Manifest.lock */,
				906D17141CE4BF99001B30EF /* Sources */,
				906D17151CE4BF99001B30EF /* Frameworks */,
				906D17161CE4BF99001B30EF /* Resources */,
				86804F2319AE8F80CD8FFAF9 /* [CP] Embed Pods Frameworks */,
				5F6248DCDFF53F5D059D2D5E /* [CP] Copy Pods Resources */,
			);
			buildRules = (
			);
			dependencies = (
			);
			name = Demo;
			productName = Demo;
			productReference = 906D17181CE4BF99001B30EF /* Demo.app */;
			productType = "com.apple.product-type.application";
		};
		906D172B1CE4BF99001B30EF /* DemoTests */ = {
			isa = PBXNativeTarget;
			buildConfigurationList = 906D17431CE4BF99001B30EF /* Build configuration list for PBXNativeTarget "DemoTests" */;
			buildPhases = (
				22ADE59AA9009ED6D5DB509B /* [CP] Check Pods Manifest.lock */,
				906D17281CE4BF99001B30EF /* Sources */,
				906D17291CE4BF99001B30EF /* Frameworks */,
				906D172A1CE4BF99001B30EF /* Resources */,
				389F862436469705440E9EC9 /* [CP] Embed Pods Frameworks */,
				6A4D202622A93480BA8D8468 /* [CP] Copy Pods Resources */,
			);
			buildRules = (
			);
			dependencies = (
				906D172E1CE4BF99001B30EF /* PBXTargetDependency */,
			);
			name = DemoTests;
			productName = DemoTests;
			productReference = 906D172C1CE4BF99001B30EF /* DemoTests.xctest */;
			productType = "com.apple.product-type.bundle.unit-test";
		};
		906D17361CE4BF99001B30EF /* DemoUITests */ = {
			isa = PBXNativeTarget;
			buildConfigurationList = 906D17461CE4BF99001B30EF /* Build configuration list for PBXNativeTarget "DemoUITests" */;
			buildPhases = (
				D6D4202278DCFD55DD82F020 /* [CP] Check Pods Manifest.lock */,
				906D17331CE4BF99001B30EF /* Sources */,
				906D17341CE4BF99001B30EF /* Frameworks */,
				906D17351CE4BF99001B30EF /* Resources */,
				6A9D1057246E8E96D8E1F3BD /* [CP] Copy Pods Resources */,
				93749FE299A8D15C89C4AF23 /* [CP] Embed Pods Frameworks */,
			);
			buildRules = (
			);
			dependencies = (
				906D17391CE4BF99001B30EF /* PBXTargetDependency */,
			);
			name = DemoUITests;
			productName = DemoUITests;
			productReference = 906D17371CE4BF99001B30EF /* DemoUITests.xctest */;
			productType = "com.apple.product-type.bundle.ui-testing";
		};
/* End PBXNativeTarget section */

/* Begin PBXProject section */
		906D17101CE4BF99001B30EF /* Project object */ = {
			isa = PBXProject;
			attributes = {
				LastSwiftUpdateCheck = 0730;
				LastUpgradeCheck = 0730;
				ORGANIZATIONNAME = timominous;
				TargetAttributes = {
					906D17171CE4BF99001B30EF = {
						CreatedOnToolsVersion = 7.3;
						LastSwiftMigration = 0820;
					};
					906D172B1CE4BF99001B30EF = {
						CreatedOnToolsVersion = 7.3;
						LastSwiftMigration = 0820;
						TestTargetID = 906D17171CE4BF99001B30EF;
					};
					906D17361CE4BF99001B30EF = {
						CreatedOnToolsVersion = 7.3;
						LastSwiftMigration = 0820;
						TestTargetID = 906D17171CE4BF99001B30EF;
					};
				};
			};
			buildConfigurationList = 906D17131CE4BF99001B30EF /* Build configuration list for PBXProject "Demo" */;
			compatibilityVersion = "Xcode 3.2";
			developmentRegion = English;
			hasScannedForEncodings = 0;
			knownRegions = (
				en,
				Base,
			);
			mainGroup = 906D170F1CE4BF99001B30EF;
			productRefGroup = 906D17191CE4BF99001B30EF /* Products */;
			projectDirPath = "";
			projectRoot = "";
			targets = (
				906D17171CE4BF99001B30EF /* Demo */,
				906D172B1CE4BF99001B30EF /* DemoTests */,
				906D17361CE4BF99001B30EF /* DemoUITests */,
			);
		};
/* End PBXProject section */

/* Begin PBXResourcesBuildPhase section */
		906D17161CE4BF99001B30EF /* Resources */ = {
			isa = PBXResourcesBuildPhase;
			buildActionMask = 2147483647;
			files = (
				906D17261CE4BF99001B30EF /* LaunchScreen.storyboard in Resources */,
				906D17231CE4BF99001B30EF /* Assets.xcassets in Resources */,
				906D17211CE4BF99001B30EF /* Main.storyboard in Resources */,
			);
			runOnlyForDeploymentPostprocessing = 0;
		};
		906D172A1CE4BF99001B30EF /* Resources */ = {
			isa = PBXResourcesBuildPhase;
			buildActionMask = 2147483647;
			files = (
			);
			runOnlyForDeploymentPostprocessing = 0;
		};
		906D17351CE4BF99001B30EF /* Resources */ = {
			isa = PBXResourcesBuildPhase;
			buildActionMask = 2147483647;
			files = (
			);
			runOnlyForDeploymentPostprocessing = 0;
		};
/* End PBXResourcesBuildPhase section */

/* Begin PBXShellScriptBuildPhase section */
		22ADE59AA9009ED6D5DB509B /* [CP] Check Pods Manifest.lock */ = {
			isa = PBXShellScriptBuildPhase;
			buildActionMask = 2147483647;
			files = (
			);
			inputPaths = (
			);
			name = "[CP] Check Pods Manifest.lock";
			outputPaths = (
			);
			runOnlyForDeploymentPostprocessing = 0;
			shellPath = /bin/sh;
			shellScript = "diff \"${PODS_ROOT}/../Podfile.lock\" \"${PODS_ROOT}/Manifest.lock\" > /dev/null\nif [ $? != 0 ] ; then\n    # print error to STDERR\n    echo \"error: The sandbox is not in sync with the Podfile.lock. Run 'pod install' or update your CocoaPods installation.\" >&2\n    exit 1\nfi\n";
			showEnvVarsInLog = 0;
		};
		389F862436469705440E9EC9 /* [CP] Embed Pods Frameworks */ = {
			isa = PBXShellScriptBuildPhase;
			buildActionMask = 2147483647;
			files = (
			);
			inputPaths = (
			);
			name = "[CP] Embed Pods Frameworks";
			outputPaths = (
			);
			runOnlyForDeploymentPostprocessing = 0;
			shellPath = /bin/sh;
			shellScript = "\"${SRCROOT}/Pods/Target Support Files/Pods-DemoTests/Pods-DemoTests-frameworks.sh\"\n";
			showEnvVarsInLog = 0;
		};
		5F6248DCDFF53F5D059D2D5E /* [CP] Copy Pods Resources */ = {
			isa = PBXShellScriptBuildPhase;
			buildActionMask = 2147483647;
			files = (
			);
			inputPaths = (
			);
			name = "[CP] Copy Pods Resources";
			outputPaths = (
			);
			runOnlyForDeploymentPostprocessing = 0;
			shellPath = /bin/sh;
			shellScript = "\"${SRCROOT}/Pods/Target Support Files/Pods-Demo/Pods-Demo-resources.sh\"\n";
			showEnvVarsInLog = 0;
		};
		6A4D202622A93480BA8D8468 /* [CP] Copy Pods Resources */ = {
			isa = PBXShellScriptBuildPhase;
			buildActionMask = 2147483647;
			files = (
			);
			inputPaths = (
			);
			name = "[CP] Copy Pods Resources";
			outputPaths = (
			);
			runOnlyForDeploymentPostprocessing = 0;
			shellPath = /bin/sh;
			shellScript = "\"${SRCROOT}/Pods/Target Support Files/Pods-DemoTests/Pods-DemoTests-resources.sh\"\n";
			showEnvVarsInLog = 0;
		};
		6A9D1057246E8E96D8E1F3BD /* [CP] Copy Pods Resources */ = {
			isa = PBXShellScriptBuildPhase;
			buildActionMask = 2147483647;
			files = (
			);
			inputPaths = (
			);
			name = "[CP] Copy Pods Resources";
			outputPaths = (
			);
			runOnlyForDeploymentPostprocessing = 0;
			shellPath = /bin/sh;
			shellScript = "\"${SRCROOT}/Pods/Target Support Files/Pods-DemoUITests/Pods-DemoUITests-resources.sh\"\n";
			showEnvVarsInLog = 0;
		};
		86804F2319AE8F80CD8FFAF9 /* [CP] Embed Pods Frameworks */ = {
			isa = PBXShellScriptBuildPhase;
			buildActionMask = 2147483647;
			files = (
			);
			inputPaths = (
			);
			name = "[CP] Embed Pods Frameworks";
			outputPaths = (
			);
			runOnlyForDeploymentPostprocessing = 0;
			shellPath = /bin/sh;
			shellScript = "\"${SRCROOT}/Pods/Target Support Files/Pods-Demo/Pods-Demo-frameworks.sh\"\n";
			showEnvVarsInLog = 0;
		};
		93749FE299A8D15C89C4AF23 /* [CP] Embed Pods Frameworks */ = {
			isa = PBXShellScriptBuildPhase;
			buildActionMask = 2147483647;
			files = (
			);
			inputPaths = (
			);
			name = "[CP] Embed Pods Frameworks";
			outputPaths = (
			);
			runOnlyForDeploymentPostprocessing = 0;
			shellPath = /bin/sh;
			shellScript = "\"${SRCROOT}/Pods/Target Support Files/Pods-DemoUITests/Pods-DemoUITests-frameworks.sh\"\n";
			showEnvVarsInLog = 0;
		};
		D6D4202278DCFD55DD82F020 /* [CP] Check Pods Manifest.lock */ = {
			isa = PBXShellScriptBuildPhase;
			buildActionMask = 2147483647;
			files = (
			);
			inputPaths = (
			);
			name = "[CP] Check Pods Manifest.lock";
			outputPaths = (
			);
			runOnlyForDeploymentPostprocessing = 0;
			shellPath = /bin/sh;
			shellScript = "diff \"${PODS_ROOT}/../Podfile.lock\" \"${PODS_ROOT}/Manifest.lock\" > /dev/null\nif [ $? != 0 ] ; then\n    # print error to STDERR\n    echo \"error: The sandbox is not in sync with the Podfile.lock. Run 'pod install' or update your CocoaPods installation.\" >&2\n    exit 1\nfi\n";
			showEnvVarsInLog = 0;
		};
		FEB65081904F90F064C377A1 /* [CP] Check Pods Manifest.lock */ = {
			isa = PBXShellScriptBuildPhase;
			buildActionMask = 2147483647;
			files = (
			);
			inputPaths = (
			);
			name = "[CP] Check Pods Manifest.lock";
			outputPaths = (
			);
			runOnlyForDeploymentPostprocessing = 0;
			shellPath = /bin/sh;
			shellScript = "diff \"${PODS_ROOT}/../Podfile.lock\" \"${PODS_ROOT}/Manifest.lock\" > /dev/null\nif [ $? != 0 ] ; then\n    # print error to STDERR\n    echo \"error: The sandbox is not in sync with the Podfile.lock. Run 'pod install' or update your CocoaPods installation.\" >&2\n    exit 1\nfi\n";
			showEnvVarsInLog = 0;
		};
/* End PBXShellScriptBuildPhase section */

/* Begin PBXSourcesBuildPhase section */
		906D17141CE4BF99001B30EF /* Sources */ = {
			isa = PBXSourcesBuildPhase;
			buildActionMask = 2147483647;
			files = (
				906D171E1CE4BF99001B30EF /* ViewController.swift in Sources */,
				906D171C1CE4BF99001B30EF /* AppDelegate.swift in Sources */,
			);
			runOnlyForDeploymentPostprocessing = 0;
		};
		906D17281CE4BF99001B30EF /* Sources */ = {
			isa = PBXSourcesBuildPhase;
			buildActionMask = 2147483647;
			files = (
				906D17311CE4BF99001B30EF /* DemoTests.swift in Sources */,
			);
			runOnlyForDeploymentPostprocessing = 0;
		};
		906D17331CE4BF99001B30EF /* Sources */ = {
			isa = PBXSourcesBuildPhase;
			buildActionMask = 2147483647;
			files = (
				906D173C1CE4BF99001B30EF /* DemoUITests.swift in Sources */,
			);
			runOnlyForDeploymentPostprocessing = 0;
		};
/* End PBXSourcesBuildPhase section */

/* Begin PBXTargetDependency section */
		906D172E1CE4BF99001B30EF /* PBXTargetDependency */ = {
			isa = PBXTargetDependency;
			target = 906D17171CE4BF99001B30EF /* Demo */;
			targetProxy = 906D172D1CE4BF99001B30EF /* PBXContainerItemProxy */;
		};
		906D17391CE4BF99001B30EF /* PBXTargetDependency */ = {
			isa = PBXTargetDependency;
			target = 906D17171CE4BF99001B30EF /* Demo */;
			targetProxy = 906D17381CE4BF99001B30EF /* PBXContainerItemProxy */;
		};
/* End PBXTargetDependency section */

/* Begin PBXVariantGroup section */
		906D171F1CE4BF99001B30EF /* Main.storyboard */ = {
			isa = PBXVariantGroup;
			children = (
				906D17201CE4BF99001B30EF /* Base */,
			);
			name = Main.storyboard;
			sourceTree = "<group>";
		};
		906D17241CE4BF99001B30EF /* LaunchScreen.storyboard */ = {
			isa = PBXVariantGroup;
			children = (
				906D17251CE4BF99001B30EF /* Base */,
			);
			name = LaunchScreen.storyboard;
			sourceTree = "<group>";
		};
/* End PBXVariantGroup section */

/* Begin XCBuildConfiguration section */
		906D173E1CE4BF99001B30EF /* Debug */ = {
			isa = XCBuildConfiguration;
			buildSettings = {
				ALWAYS_SEARCH_USER_PATHS = NO;
				CLANG_ANALYZER_NONNULL = YES;
				CLANG_CXX_LANGUAGE_STANDARD = "gnu++0x";
				CLANG_CXX_LIBRARY = "libc++";
				CLANG_ENABLE_MODULES = YES;
				CLANG_ENABLE_OBJC_ARC = YES;
				CLANG_WARN_BOOL_CONVERSION = YES;
				CLANG_WARN_CONSTANT_CONVERSION = YES;
				CLANG_WARN_DIRECT_OBJC_ISA_USAGE = YES_ERROR;
				CLANG_WARN_EMPTY_BODY = YES;
				CLANG_WARN_ENUM_CONVERSION = YES;
				CLANG_WARN_INT_CONVERSION = YES;
				CLANG_WARN_OBJC_ROOT_CLASS = YES_ERROR;
				CLANG_WARN_UNREACHABLE_CODE = YES;
				CLANG_WARN__DUPLICATE_METHOD_MATCH = YES;
				"CODE_SIGN_IDENTITY[sdk=iphoneos*]" = "iPhone Developer";
				COPY_PHASE_STRIP = NO;
				DEBUG_INFORMATION_FORMAT = dwarf;
				ENABLE_STRICT_OBJC_MSGSEND = YES;
				ENABLE_TESTABILITY = YES;
				GCC_C_LANGUAGE_STANDARD = gnu99;
				GCC_DYNAMIC_NO_PIC = NO;
				GCC_NO_COMMON_BLOCKS = YES;
				GCC_OPTIMIZATION_LEVEL = 0;
				GCC_PREPROCESSOR_DEFINITIONS = (
					"DEBUG=1",
					"$(inherited)",
				);
				GCC_WARN_64_TO_32_BIT_CONVERSION = YES;
				GCC_WARN_ABOUT_RETURN_TYPE = YES_ERROR;
				GCC_WARN_UNDECLARED_SELECTOR = YES;
				GCC_WARN_UNINITIALIZED_AUTOS = YES_AGGRESSIVE;
				GCC_WARN_UNUSED_FUNCTION = YES;
				GCC_WARN_UNUSED_VARIABLE = YES;
				IPHONEOS_DEPLOYMENT_TARGET = 9.3;
				MTL_ENABLE_DEBUG_INFO = YES;
				ONLY_ACTIVE_ARCH = YES;
				SDKROOT = iphoneos;
				SWIFT_OPTIMIZATION_LEVEL = "-Onone";
				TARGETED_DEVICE_FAMILY = "1,2";
			};
			name = Debug;
		};
		906D173F1CE4BF99001B30EF /* Release */ = {
			isa = XCBuildConfiguration;
			buildSettings = {
				ALWAYS_SEARCH_USER_PATHS = NO;
				CLANG_ANALYZER_NONNULL = YES;
				CLANG_CXX_LANGUAGE_STANDARD = "gnu++0x";
				CLANG_CXX_LIBRARY = "libc++";
				CLANG_ENABLE_MODULES = YES;
				CLANG_ENABLE_OBJC_ARC = YES;
				CLANG_WARN_BOOL_CONVERSION = YES;
				CLANG_WARN_CONSTANT_CONVERSION = YES;
				CLANG_WARN_DIRECT_OBJC_ISA_USAGE = YES_ERROR;
				CLANG_WARN_EMPTY_BODY = YES;
				CLANG_WARN_ENUM_CONVERSION = YES;
				CLANG_WARN_INT_CONVERSION = YES;
				CLANG_WARN_OBJC_ROOT_CLASS = YES_ERROR;
				CLANG_WARN_UNREACHABLE_CODE = YES;
				CLANG_WARN__DUPLICATE_METHOD_MATCH = YES;
				"CODE_SIGN_IDENTITY[sdk=iphoneos*]" = "iPhone Developer";
				COPY_PHASE_STRIP = NO;
				DEBUG_INFORMATION_FORMAT = "dwarf-with-dsym";
				ENABLE_NS_ASSERTIONS = NO;
				ENABLE_STRICT_OBJC_MSGSEND = YES;
				GCC_C_LANGUAGE_STANDARD = gnu99;
				GCC_NO_COMMON_BLOCKS = YES;
				GCC_WARN_64_TO_32_BIT_CONVERSION = YES;
				GCC_WARN_ABOUT_RETURN_TYPE = YES_ERROR;
				GCC_WARN_UNDECLARED_SELECTOR = YES;
				GCC_WARN_UNINITIALIZED_AUTOS = YES_AGGRESSIVE;
				GCC_WARN_UNUSED_FUNCTION = YES;
				GCC_WARN_UNUSED_VARIABLE = YES;
				IPHONEOS_DEPLOYMENT_TARGET = 9.3;
				MTL_ENABLE_DEBUG_INFO = NO;
				SDKROOT = iphoneos;
				TARGETED_DEVICE_FAMILY = "1,2";
				VALIDATE_PRODUCT = YES;
			};
			name = Release;
		};
		906D17411CE4BF99001B30EF /* Debug */ = {
			isa = XCBuildConfiguration;
			baseConfigurationReference = 1EAF6CDFC38F75E74127F13C /* Pods-Demo.debug.xcconfig */;
			buildSettings = {
				ASSETCATALOG_COMPILER_APPICON_NAME = AppIcon;
				INFOPLIST_FILE = Demo/Info.plist;
				LD_RUNPATH_SEARCH_PATHS = "$(inherited) @executable_path/Frameworks";
				PRODUCT_BUNDLE_IDENTIFIER = com.timomnious.Demo;
				PRODUCT_NAME = "$(TARGET_NAME)";
				SWIFT_VERSION = 3.0;
			};
			name = Debug;
		};
		906D17421CE4BF99001B30EF /* Release */ = {
			isa = XCBuildConfiguration;
			baseConfigurationReference = 6CC9EC0297CBB38896C7B7E1 /* Pods-Demo.release.xcconfig */;
			buildSettings = {
				ASSETCATALOG_COMPILER_APPICON_NAME = AppIcon;
				INFOPLIST_FILE = Demo/Info.plist;
				LD_RUNPATH_SEARCH_PATHS = "$(inherited) @executable_path/Frameworks";
				PRODUCT_BUNDLE_IDENTIFIER = com.timomnious.Demo;
				PRODUCT_NAME = "$(TARGET_NAME)";
				SWIFT_VERSION = 3.0;
			};
			name = Release;
		};
		906D17441CE4BF99001B30EF /* Debug */ = {
			isa = XCBuildConfiguration;
			baseConfigurationReference = 0A563EA3A78DC7437869051D /* Pods-DemoTests.debug.xcconfig */;
			buildSettings = {
				BUNDLE_LOADER = "$(TEST_HOST)";
				INFOPLIST_FILE = DemoTests/Info.plist;
				LD_RUNPATH_SEARCH_PATHS = "$(inherited) @executable_path/Frameworks @loader_path/Frameworks";
				PRODUCT_BUNDLE_IDENTIFIER = com.timomnious.DemoTests;
				PRODUCT_NAME = "$(TARGET_NAME)";
				SWIFT_VERSION = 3.0;
				TEST_HOST = "$(BUILT_PRODUCTS_DIR)/Demo.app/Demo";
			};
			name = Debug;
		};
		906D17451CE4BF99001B30EF /* Release */ = {
			isa = XCBuildConfiguration;
			baseConfigurationReference = 210E8BF35549B671ABAA71B0 /* Pods-DemoTests.release.xcconfig */;
			buildSettings = {
				BUNDLE_LOADER = "$(TEST_HOST)";
				INFOPLIST_FILE = DemoTests/Info.plist;
				LD_RUNPATH_SEARCH_PATHS = "$(inherited) @executable_path/Frameworks @loader_path/Frameworks";
				PRODUCT_BUNDLE_IDENTIFIER = com.timomnious.DemoTests;
				PRODUCT_NAME = "$(TARGET_NAME)";
				SWIFT_VERSION = 3.0;
				TEST_HOST = "$(BUILT_PRODUCTS_DIR)/Demo.app/Demo";
			};
			name = Release;
		};
		906D17471CE4BF99001B30EF /* Debug */ = {
			isa = XCBuildConfiguration;
			baseConfigurationReference = CC164385BCFA6CC7DDC9D1F9 /* Pods-DemoUITests.debug.xcconfig */;
			buildSettings = {
				INFOPLIST_FILE = DemoUITests/Info.plist;
				LD_RUNPATH_SEARCH_PATHS = "$(inherited) @executable_path/Frameworks @loader_path/Frameworks";
				PRODUCT_BUNDLE_IDENTIFIER = com.timomnious.DemoUITests;
				PRODUCT_NAME = "$(TARGET_NAME)";
				SWIFT_VERSION = 3.0;
				TEST_TARGET_NAME = Demo;
			};
			name = Debug;
		};
		906D17481CE4BF99001B30EF /* Release */ = {
			isa = XCBuildConfiguration;
			baseConfigurationReference = E179559F3B224B0B84374FAE /* Pods-DemoUITests.release.xcconfig */;
			buildSettings = {
				INFOPLIST_FILE = DemoUITests/Info.plist;
				LD_RUNPATH_SEARCH_PATHS = "$(inherited) @executable_path/Frameworks @loader_path/Frameworks";
				PRODUCT_BUNDLE_IDENTIFIER = com.timomnious.DemoUITests;
				PRODUCT_NAME = "$(TARGET_NAME)";
				SWIFT_VERSION = 3.0;
				TEST_TARGET_NAME = Demo;
			};
			name = Release;
		};
/* End XCBuildConfiguration section */

/* Begin XCConfigurationList section */
		906D17131CE4BF99001B30EF /* Build configuration list for PBXProject "Demo" */ = {
			isa = XCConfigurationList;
			buildConfigurations = (
				906D173E1CE4BF99001B30EF /* Debug */,
				906D173F1CE4BF99001B30EF /* Release */,
			);
			defaultConfigurationIsVisible = 0;
			defaultConfigurationName = Release;
		};
		906D17401CE4BF99001B30EF /* Build configuration list for PBXNativeTarget "Demo" */ = {
			isa = XCConfigurationList;
			buildConfigurations = (
				906D17411CE4BF99001B30EF /* Debug */,
				906D17421CE4BF99001B30EF /* Release */,
			);
			defaultConfigurationIsVisible = 0;
			defaultConfigurationName = Release;
		};
		906D17431CE4BF99001B30EF /* Build configuration list for PBXNativeTarget "DemoTests" */ = {
			isa = XCConfigurationList;
			buildConfigurations = (
				906D17441CE4BF99001B30EF /* Debug */,
				906D17451CE4BF99001B30EF /* Release */,
			);
			defaultConfigurationIsVisible = 0;
			defaultConfigurationName = Release;
		};
		906D17461CE4BF99001B30EF /* Build configuration list for PBXNativeTarget "DemoUITests" */ = {
			isa = XCConfigurationList;
			buildConfigurations = (
				906D17471CE4BF99001B30EF /* Debug */,
				906D17481CE4BF99001B30EF /* Release */,
			);
			defaultConfigurationIsVisible = 0;
			defaultConfigurationName = Release;
		};
/* End XCConfigurationList section */
	};
	rootObject = 906D17101CE4BF99001B30EF /* Project object */;
}
