PODS:
  - StatefulTableView (0.1.7)

DEPENDENCIES:
  - StatefulTableView (from `../`)

EXTERNAL SOURCES:
  StatefulTableView:
    :path: "../"

SPEC CHECKSUMS:
  StatefulTableView: 20db03747c09882059b33dd2ba03345e96c55374

PODFILE CHECKSUM: e6944d74483536f64ec788f95fbe36a46c8b7346

COCOAPODS: 1.12.0
