PODS:
  - StatefulTableView (0.1.0)

DEPENDENCIES:
  - StatefulTableView (from `../`)

EXTERNAL SOURCES:
  StatefulTableView:
    :path: "../"

SPEC CHECKSUMS:
  StatefulTableView: b84e2ce15bc66481b8fedc3952ebfa19ba9b5766

PODFILE CHECKSUM: e6944d74483536f64ec788f95fbe36a46c8b7346

COCOAPODS: 1.7.0
