PODS:
  - StatefulTableView (0.1.5)

DEPENDENCIES:
  - StatefulTableView (from `../`)

EXTERNAL SOURCES:
  StatefulTableView:
    :path: "../"

SPEC CHECKSUMS:
  StatefulTableView: beb8d7fbe3e3bca782e51bd098245a0db8e09fd2

PODFILE CHECKSUM: e6944d74483536f64ec788f95fbe36a46c8b7346

COCOAPODS: 1.8.0
